
Microsoft Visual Studio Solution File, Format Version 12.00
# Visual Studio Version 17
VisualStudioVersion = 17.14.36408.4 d17.14
MinimumVisualStudioVersion = 10.0.40219.1
Project("{FAE04EC0-301F-11D3-BF4B-00C04F79EFBC}") = "API", "API\API.csproj", "{E9DEDDE3-46D7-47AC-BAB7-7C7169923159}"
EndProject
Project("{FAE04EC0-301F-11D3-BF4B-00C04F79EFBC}") = "Application", "Application\Application.csproj", "{AE4B8FF7-980F-4755-BB85-0444106C7B7D}"
EndProject
Project("{FAE04EC0-301F-11D3-BF4B-00C04F79EFBC}") = "Domain", "Domain\Domain.csproj", "{30F799B8-73D5-4D54-AE43-55639BAA0936}"
EndProject
Project("{FAE04EC0-301F-11D3-BF4B-00C04F79EFBC}") = "Infrastructure", "Infrastructure\Infrastructure.csproj", "{A88F18FB-63B9-40B3-AF4C-ABCCE1911B28}"
EndProject
Global
	GlobalSection(SolutionConfigurationPlatforms) = preSolution
		Debug|Any CPU = Debug|Any CPU
		Release|Any CPU = Release|Any CPU
	EndGlobalSection
	GlobalSection(ProjectConfigurationPlatforms) = postSolution
		{E9DEDDE3-46D7-47AC-BAB7-7C7169923159}.Debug|Any CPU.ActiveCfg = Debug|Any CPU
		{E9DEDDE3-46D7-47AC-BAB7-7C7169923159}.Debug|Any CPU.Build.0 = Debug|Any CPU
		{E9DEDDE3-46D7-47AC-BAB7-7C7169923159}.Release|Any CPU.ActiveCfg = Release|Any CPU
		{E9DEDDE3-46D7-47AC-BAB7-7C7169923159}.Release|Any CPU.Build.0 = Release|Any CPU
		{AE4B8FF7-980F-4755-BB85-0444106C7B7D}.Debug|Any CPU.ActiveCfg = Debug|Any CPU
		{AE4B8FF7-980F-4755-BB85-0444106C7B7D}.Debug|Any CPU.Build.0 = Debug|Any CPU
		{AE4B8FF7-980F-4755-BB85-0444106C7B7D}.Release|Any CPU.ActiveCfg = Release|Any CPU
		{AE4B8FF7-980F-4755-BB85-0444106C7B7D}.Release|Any CPU.Build.0 = Release|Any CPU
		{30F799B8-73D5-4D54-AE43-55639BAA0936}.Debug|Any CPU.ActiveCfg = Debug|Any CPU
		{30F799B8-73D5-4D54-AE43-55639BAA0936}.Debug|Any CPU.Build.0 = Debug|Any CPU
		{30F799B8-73D5-4D54-AE43-55639BAA0936}.Release|Any CPU.ActiveCfg = Release|Any CPU
		{30F799B8-73D5-4D54-AE43-55639BAA0936}.Release|Any CPU.Build.0 = Release|Any CPU
		{A88F18FB-63B9-40B3-AF4C-ABCCE1911B28}.Debug|Any CPU.ActiveCfg = Debug|Any CPU
		{A88F18FB-63B9-40B3-AF4C-ABCCE1911B28}.Debug|Any CPU.Build.0 = Debug|Any CPU
		{A88F18FB-63B9-40B3-AF4C-ABCCE1911B28}.Release|Any CPU.ActiveCfg = Release|Any CPU
		{A88F18FB-63B9-40B3-AF4C-ABCCE1911B28}.Release|Any CPU.Build.0 = Release|Any CPU
	EndGlobalSection
	GlobalSection(SolutionProperties) = preSolution
		HideSolutionNode = FALSE
	EndGlobalSection
	GlobalSection(ExtensibilityGlobals) = postSolution
		SolutionGuid = {B37C27D0-25E8-4CE6-B14E-04EFA75B51BE}
	EndGlobalSection
EndGlobal
